
Microsoft Visual Studio Solution File, Format Version 12.00
# Visual Studio 2015
Project("{FAE04EC0-301F-11D3-BF4B-00C04F79EFBC}") = "Twinstick Shooter with GUI.CSharp", "Twinstick Shooter with GUI.CSharp.csproj", "{CA45A8F1-545C-40EE-576D-D59CF93FED69}"
EndProject
Global
	GlobalSection(SolutionConfigurationPlatforms) = preSolution
		Debug|Any CPU = Debug|Any CPU
		Release|Any CPU = Release|Any CPU
	EndGlobalSection
	GlobalSection(ProjectConfigurationPlatforms) = postSolution
		{CA45A8F1-545C-40EE-576D-D59CF93FED69}.Debug|Any CPU.ActiveCfg = Debug|Any CPU
		{CA45A8F1-545C-40EE-576D-D59CF93FED69}.Debug|Any CPU.Build.0 = Debug|Any CPU
		{CA45A8F1-545C-40EE-576D-D59CF93FED69}.Release|Any CPU.ActiveCfg = Release|Any CPU
		{CA45A8F1-545C-40EE-576D-D59CF93FED69}.Release|Any CPU.Build.0 = Release|Any CPU
	EndGlobalSection
	GlobalSection(SolutionProperties) = preSolution
		HideSolutionNode = FALSE
	EndGlobalSection
EndGlobal
