
Microsoft Visual Studio Solution File, Format Version 12.00
# Visual Studio 2015
Project("{FAE04EC0-301F-11D3-BF4B-00C04F79EFBC}") = "First Person Shooter.CSharp.Plugins", "First Person Shooter.CSharp.Plugins.csproj", "{10FB3A00-0F22-56A3-176A-B435B8AE0B97}"
EndProject
Project("{FAE04EC0-301F-11D3-BF4B-00C04F79EFBC}") = "First Person Shooter.CSharp", "First Person Shooter.CSharp.csproj", "{ED379F66-E12B-FA7C-D815-C7FC4230FA4F}"
EndProject
Project("{FAE04EC0-301F-11D3-BF4B-00C04F79EFBC}") = "First Person Shooter.CSharp.Editor", "First Person Shooter.CSharp.Editor.csproj", "{82F06CF7-24A1-11C2-70C0-0F8036222997}"
EndProject
Global
	GlobalSection(SolutionConfigurationPlatforms) = preSolution
		Debug|Any CPU = Debug|Any CPU
		Release|Any CPU = Release|Any CPU
	EndGlobalSection
	GlobalSection(ProjectConfigurationPlatforms) = postSolution
		{10FB3A00-0F22-56A3-176A-B435B8AE0B97}.Debug|Any CPU.ActiveCfg = Debug|Any CPU
		{10FB3A00-0F22-56A3-176A-B435B8AE0B97}.Debug|Any CPU.Build.0 = Debug|Any CPU
		{10FB3A00-0F22-56A3-176A-B435B8AE0B97}.Release|Any CPU.ActiveCfg = Release|Any CPU
		{10FB3A00-0F22-56A3-176A-B435B8AE0B97}.Release|Any CPU.Build.0 = Release|Any CPU
		{ED379F66-E12B-FA7C-D815-C7FC4230FA4F}.Debug|Any CPU.ActiveCfg = Debug|Any CPU
		{ED379F66-E12B-FA7C-D815-C7FC4230FA4F}.Debug|Any CPU.Build.0 = Debug|Any CPU
		{ED379F66-E12B-FA7C-D815-C7FC4230FA4F}.Release|Any CPU.ActiveCfg = Release|Any CPU
		{ED379F66-E12B-FA7C-D815-C7FC4230FA4F}.Release|Any CPU.Build.0 = Release|Any CPU
		{82F06CF7-24A1-11C2-70C0-0F8036222997}.Debug|Any CPU.ActiveCfg = Debug|Any CPU
		{82F06CF7-24A1-11C2-70C0-0F8036222997}.Debug|Any CPU.Build.0 = Debug|Any CPU
		{82F06CF7-24A1-11C2-70C0-0F8036222997}.Release|Any CPU.ActiveCfg = Release|Any CPU
		{82F06CF7-24A1-11C2-70C0-0F8036222997}.Release|Any CPU.Build.0 = Release|Any CPU
	EndGlobalSection
	GlobalSection(SolutionProperties) = preSolution
		HideSolutionNode = FALSE
	EndGlobalSection
EndGlobal
