
Microsoft Visual Studio Solution File, Format Version 12.00
# Visual Studio 2015
Project("{FAE04EC0-301F-11D3-BF4B-00C04F79EFBC}") = "Tappy Plane.CSharp", "Tappy Plane.CSharp.csproj", "{EACF0685-5742-AE1C-B157-0BCCB468FADE}"
EndProject
Global
	GlobalSection(SolutionConfigurationPlatforms) = preSolution
		Debug|Any CPU = Debug|Any CPU
		Release|Any CPU = Release|Any CPU
	EndGlobalSection
	GlobalSection(ProjectConfigurationPlatforms) = postSolution
		{EACF0685-5742-AE1C-B157-0BCCB468FADE}.Debug|Any CPU.ActiveCfg = Debug|Any CPU
		{EACF0685-5742-AE1C-B157-0BCCB468FADE}.Debug|Any CPU.Build.0 = Debug|Any CPU
		{EACF0685-5742-AE1C-B157-0BCCB468FADE}.Release|Any CPU.ActiveCfg = Release|Any CPU
		{EACF0685-5742-AE1C-B157-0BCCB468FADE}.Release|Any CPU.Build.0 = Release|Any CPU
	EndGlobalSection
	GlobalSection(SolutionProperties) = preSolution
		HideSolutionNode = FALSE
	EndGlobalSection
EndGlobal
